
Microsoft Visual Studio Solution File, Format Version 12.00
# Visual Studio Version 17
VisualStudioVersion = 17.5.33516.290
MinimumVisualStudioVersion = 10.0.40219.1
Project("{FAE04EC0-301F-11D3-BF4B-00C04F79EFBC}") = "bank", "bank\bank.csproj", "{BE930498-F432-42D4-A77C-649A2BD32FB0}"
EndProject
Global
	GlobalSection(SolutionConfigurationPlatforms) = preSolution
		Debug|Any CPU = Debug|Any CPU
		Release|Any CPU = Release|Any CPU
	EndGlobalSection
	GlobalSection(ProjectConfigurationPlatforms) = postSolution
		{BE930498-F432-42D4-A77C-649A2BD32FB0}.Debug|Any CPU.ActiveCfg = Debug|Any CPU
		{BE930498-F432-42D4-A77C-649A2BD32FB0}.Debug|Any CPU.Build.0 = Debug|Any CPU
		{BE930498-F432-42D4-A77C-649A2BD32FB0}.Release|Any CPU.ActiveCfg = Release|Any CPU
		{BE930498-F432-42D4-A77C-649A2BD32FB0}.Release|Any CPU.Build.0 = Release|Any CPU
	EndGlobalSection
	GlobalSection(SolutionProperties) = preSolution
		HideSolutionNode = FALSE
	EndGlobalSection
	GlobalSection(ExtensibilityGlobals) = postSolution
		SolutionGuid = {F3D8AFF8-E937-4A9E-86C7-8CE1E255A7D9}
	EndGlobalSection
EndGlobal
